
Microsoft Visual Studio Solution File, Format Version 12.00
# Visual Studio 2013
VisualStudioVersion = 12.0.21005.1
MinimumVisualStudioVersion = 10.0.40219.1
Project("{FAE04EC0-301F-11D3-BF4B-00C04F79EFBC}") = "TMTVO-Api", "..\TMTVO\TMTVO-Api\TMTVO-Api.csproj", "{78C82CDE-06DC-4CF4-927F-D16FFE007379}"
EndProject
Project("{FAE04EC0-301F-11D3-BF4B-00C04F79EFBC}") = "TMTVO-Modules", "..\TMTVO\TMTVO-Modules\TMTVO-Modules.csproj", "{6BF87BA5-0840-41BE-9C91-E609E50D7DDB}"
EndProject
Project("{FAE04EC0-301F-11D3-BF4B-00C04F79EFBC}") = "TMTVO-WECTheme", "TMTVO-WECTheme\TMTVO-WECTheme.csproj", "{71643E44-808B-41A4-99FA-90F49AC65BD4}"
EndProject
Global
	GlobalSection(SolutionConfigurationPlatforms) = preSolution
		Debug|Any CPU = Debug|Any CPU
		Release|Any CPU = Release|Any CPU
	EndGlobalSection
	GlobalSection(ProjectConfigurationPlatforms) = postSolution
		{78C82CDE-06DC-4CF4-927F-D16FFE007379}.Debug|Any CPU.ActiveCfg = Debug|Any CPU
		{78C82CDE-06DC-4CF4-927F-D16FFE007379}.Debug|Any CPU.Build.0 = Debug|Any CPU
		{78C82CDE-06DC-4CF4-927F-D16FFE007379}.Release|Any CPU.ActiveCfg = Release|Any CPU
		{78C82CDE-06DC-4CF4-927F-D16FFE007379}.Release|Any CPU.Build.0 = Release|Any CPU
		{6BF87BA5-0840-41BE-9C91-E609E50D7DDB}.Debug|Any CPU.ActiveCfg = Debug|Any CPU
		{6BF87BA5-0840-41BE-9C91-E609E50D7DDB}.Debug|Any CPU.Build.0 = Debug|Any CPU
		{6BF87BA5-0840-41BE-9C91-E609E50D7DDB}.Release|Any CPU.ActiveCfg = Release|Any CPU
		{6BF87BA5-0840-41BE-9C91-E609E50D7DDB}.Release|Any CPU.Build.0 = Release|Any CPU
		{71643E44-808B-41A4-99FA-90F49AC65BD4}.Debug|Any CPU.ActiveCfg = Debug|Any CPU
		{71643E44-808B-41A4-99FA-90F49AC65BD4}.Debug|Any CPU.Build.0 = Debug|Any CPU
		{71643E44-808B-41A4-99FA-90F49AC65BD4}.Release|Any CPU.ActiveCfg = Release|Any CPU
		{71643E44-808B-41A4-99FA-90F49AC65BD4}.Release|Any CPU.Build.0 = Release|Any CPU
	EndGlobalSection
	GlobalSection(SolutionProperties) = preSolution
		HideSolutionNode = FALSE
	EndGlobalSection
EndGlobal
